
Microsoft Visual Studio Solution File, Format Version 12.00
# Visual Studio Version 17
VisualStudioVersion = 17.4.33103.184
MinimumVisualStudioVersion = 10.0.40219.1
Project("{FAE04EC0-301F-11D3-BF4B-00C04F79EFBC}") = "GithubPortfolio.Web", "GithubPortfolio.Web\GithubPortfolio.Web.csproj", "{8EB8B0A0-4CED-4675-AB64-1AD39E80E33C}"
EndProject
Project("{FAE04EC0-301F-11D3-BF4B-00C04F79EFBC}") = "GithubPortfolio.ApplicationService", "GithubPortfolio.ApplicationService\GithubPortfolio.ApplicationService.csproj", "{3C29D82E-2E3D-429A-B638-68ADDFE66B0B}"
EndProject
Project("{FAE04EC0-301F-11D3-BF4B-00C04F79EFBC}") = "GithubPortfolio.Core", "GithubPortfolio.Core\GithubPortfolio.Core.csproj", "{C7DC3861-C371-44DE-B507-604AF1536A84}"
EndProject
Global
	GlobalSection(SolutionConfigurationPlatforms) = preSolution
		Debug|Any CPU = Debug|Any CPU
		Release|Any CPU = Release|Any CPU
	EndGlobalSection
	GlobalSection(ProjectConfigurationPlatforms) = postSolution
		{8EB8B0A0-4CED-4675-AB64-1AD39E80E33C}.Debug|Any CPU.ActiveCfg = Debug|Any CPU
		{8EB8B0A0-4CED-4675-AB64-1AD39E80E33C}.Debug|Any CPU.Build.0 = Debug|Any CPU
		{8EB8B0A0-4CED-4675-AB64-1AD39E80E33C}.Release|Any CPU.ActiveCfg = Release|Any CPU
		{8EB8B0A0-4CED-4675-AB64-1AD39E80E33C}.Release|Any CPU.Build.0 = Release|Any CPU
		{3C29D82E-2E3D-429A-B638-68ADDFE66B0B}.Debug|Any CPU.ActiveCfg = Debug|Any CPU
		{3C29D82E-2E3D-429A-B638-68ADDFE66B0B}.Debug|Any CPU.Build.0 = Debug|Any CPU
		{3C29D82E-2E3D-429A-B638-68ADDFE66B0B}.Release|Any CPU.ActiveCfg = Release|Any CPU
		{3C29D82E-2E3D-429A-B638-68ADDFE66B0B}.Release|Any CPU.Build.0 = Release|Any CPU
		{C7DC3861-C371-44DE-B507-604AF1536A84}.Debug|Any CPU.ActiveCfg = Debug|Any CPU
		{C7DC3861-C371-44DE-B507-604AF1536A84}.Debug|Any CPU.Build.0 = Debug|Any CPU
		{C7DC3861-C371-44DE-B507-604AF1536A84}.Release|Any CPU.ActiveCfg = Release|Any CPU
		{C7DC3861-C371-44DE-B507-604AF1536A84}.Release|Any CPU.Build.0 = Release|Any CPU
	EndGlobalSection
	GlobalSection(SolutionProperties) = preSolution
		HideSolutionNode = FALSE
	EndGlobalSection
	GlobalSection(ExtensibilityGlobals) = postSolution
		SolutionGuid = {E409A26F-2885-4E29-A34A-CB79DE3D0046}
	EndGlobalSection
EndGlobal
